PODS:
  - CommonFiles (1.0.0)

DEPENDENCIES:
  - CommonFiles (from `https://github.com/Tiewhan/FeistyCommonFiles.git`, branch `develop`)

EXTERNAL SOURCES:
  CommonFiles:
    :branch: develop
    :git: https://github.com/Tiewhan/FeistyCommonFiles.git

CHECKOUT OPTIONS:
  CommonFiles:
    :commit: 5582564350bc086702241e9f6c22ed69bdd368c0
    :git: https://github.com/Tiewhan/FeistyCommonFiles.git

SPEC CHECKSUMS:
  CommonFiles: 494ccd0a3c0bd2cd3195150de00cbe00855f7af4

PODFILE CHECKSUM: 90415d9c12ebe8cb82d798dce77f16e0e3f6bf66

COCOAPODS: 1.8.4
