PODS:
  - CommonFiles (1.0.0)

DEPENDENCIES:
  - CommonFiles (from `/Users/tsmith/Documents/SwiftProjects/FeistyCommonFiles`)

EXTERNAL SOURCES:
  CommonFiles:
    :path: "/Users/tsmith/Documents/SwiftProjects/FeistyCommonFiles"

SPEC CHECKSUMS:
  CommonFiles: 494ccd0a3c0bd2cd3195150de00cbe00855f7af4

PODFILE CHECKSUM: 0ab564a2c4e1ee31fc55112808ddaacde9c18cf5

COCOAPODS: 1.8.4
