// !$*UTF8*$!
{
	archiveVersion = 1;
	classes = {
	};
	objectVersion = 51;
	objects = {

/* Begin PBXBuildFile section */
		49475644C1ABC1A09316C28B /* Pods_Feisty.framework in Frameworks */ = {isa = PBXBuildFile; fileRef = 8FF5CBC70A7C4620709529DF /* Pods_Feisty.framework */; };
		5A25203123E9792700A4FB72 /* AppDelegate.swift in Sources */ = {isa = PBXBuildFile; fileRef = 5A25203023E9792700A4FB72 /* AppDelegate.swift */; };
		5A25203323E9792700A4FB72 /* SceneDelegate.swift in Sources */ = {isa = PBXBuildFile; fileRef = 5A25203223E9792700A4FB72 /* SceneDelegate.swift */; };
		5A25203523E9792700A4FB72 /* ViewController.swift in Sources */ = {isa = PBXBuildFile; fileRef = 5A25203423E9792700A4FB72 /* ViewController.swift */; };
		5A25203823E9792700A4FB72 /* Main.storyboard in Resources */ = {isa = PBXBuildFile; fileRef = 5A25203623E9792700A4FB72 /* Main.storyboard */; };
		5A25203A23E9792700A4FB72 /* Assets.xcassets in Resources */ = {isa = PBXBuildFile; fileRef = 5A25203923E9792700A4FB72 /* Assets.xcassets */; };
		5A25203D23E9792700A4FB72 /* LaunchScreen.storyboard in Resources */ = {isa = PBXBuildFile; fileRef = 5A25203B23E9792700A4FB72 /* LaunchScreen.storyboard */; };
		5A25205323E9792700A4FB72 /* LoginUITests.swift in Sources */ = {isa = PBXBuildFile; fileRef = 5A25205223E9792700A4FB72 /* LoginUITests.swift */; };
		5A3085DD2437033A0035106E /* BasicFriendCell.swift in Sources */ = {isa = PBXBuildFile; fileRef = 5A3085DC2437033A0035106E /* BasicFriendCell.swift */; };
		5A5C184A23EAA1BD00C49076 /* MainMenuController.swift in Sources */ = {isa = PBXBuildFile; fileRef = 5A5C184923EAA1BD00C49076 /* MainMenuController.swift */; };
		5A6F57AA242CC7E7009190FA /* GoogleService-Info.plist in Resources */ = {isa = PBXBuildFile; fileRef = 5A6F57A9242CC7E7009190FA /* GoogleService-Info.plist */; };
		5A6F57AB242CC865009190FA /* GoogleService-Info.plist in Resources */ = {isa = PBXBuildFile; fileRef = 5A6F57A9242CC7E7009190FA /* GoogleService-Info.plist */; };
		5A6F57AC242CC865009190FA /* GoogleService-Info.plist in Resources */ = {isa = PBXBuildFile; fileRef = 5A6F57A9242CC7E7009190FA /* GoogleService-Info.plist */; };
		5A8D210524050C70001578AE /* GameDetailsViewController.swift in Sources */ = {isa = PBXBuildFile; fileRef = 5A8D210424050C70001578AE /* GameDetailsViewController.swift */; };
		5A8D2181240CE01B001578AE /* GamesViewController.swift in Sources */ = {isa = PBXBuildFile; fileRef = 5A8D2180240CE01B001578AE /* GamesViewController.swift */; };
		5A8D21D8240D3284001578AE /* GameTableViewCell.swift in Sources */ = {isa = PBXBuildFile; fileRef = 5A8D21D7240D3284001578AE /* GameTableViewCell.swift */; };
		5AA73FAA23EAEB5200E38782 /* FriendsViewController.swift in Sources */ = {isa = PBXBuildFile; fileRef = 5AA73FA923EAEB5200E38782 /* FriendsViewController.swift */; };
		5AA970B1241B7CCB001F6B5C /* LoginTestCase.swift in Sources */ = {isa = PBXBuildFile; fileRef = 5AA970B0241B7CCB001F6B5C /* LoginTestCase.swift */; };
		5AA970B6241F787F001F6B5C /* GameViewTestCase.swift in Sources */ = {isa = PBXBuildFile; fileRef = 5AA970B5241F787F001F6B5C /* GameViewTestCase.swift */; };
		5AA970BA241F7957001F6B5C /* GameViewUITests.swift in Sources */ = {isa = PBXBuildFile; fileRef = 5AA970B9241F7957001F6B5C /* GameViewUITests.swift */; };
		5AA970C12421DFD2001F6B5C /* XCTestCaseExtensions.swift in Sources */ = {isa = PBXBuildFile; fileRef = 5AA970C02421DFD2001F6B5C /* XCTestCaseExtensions.swift */; };
		5AA970C52421F612001F6B5C /* gameList.json in Resources */ = {isa = PBXBuildFile; fileRef = 5AA970C42421F612001F6B5C /* gameList.json */; };
		5AA970C72423338D001F6B5C /* gameList.json in Resources */ = {isa = PBXBuildFile; fileRef = 5AA970C62423338C001F6B5C /* gameList.json */; };
		5AA970CC2423544C001F6B5C /* FriendViewTestCase.swift in Sources */ = {isa = PBXBuildFile; fileRef = 5AA970CB2423544C001F6B5C /* FriendViewTestCase.swift */; };
		5AA970CE242354A5001F6B5C /* FriendViewUITests.swift in Sources */ = {isa = PBXBuildFile; fileRef = 5AA970CD242354A5001F6B5C /* FriendViewUITests.swift */; };
		5AC4887F2424E57900757B0D /* NSObjectExtemsion.swift in Sources */ = {isa = PBXBuildFile; fileRef = 5AC4887E2424E57900757B0D /* NSObjectExtemsion.swift */; };
		9B4B61123858AEED894A6F9C /* Pods_FeistyUITests.framework in Frameworks */ = {isa = PBXBuildFile; fileRef = 50F446061D95531E5B46B679 /* Pods_FeistyUITests.framework */; };
		D7147FD667D1A72ADF262062 /* Pods_FeistyTests.framework in Frameworks */ = {isa = PBXBuildFile; fileRef = 8685D4AAC529E20A24214CA3 /* Pods_FeistyTests.framework */; };
/* End PBXBuildFile section */

/* Begin PBXContainerItemProxy section */
		5A25204423E9792700A4FB72 /* PBXContainerItemProxy */ = {
			isa = PBXContainerItemProxy;
			containerPortal = 5A25202523E9792700A4FB72 /* Project object */;
			proxyType = 1;
			remoteGlobalIDString = 5A25202C23E9792700A4FB72;
			remoteInfo = Feisty;
		};
		5A25204F23E9792700A4FB72 /* PBXContainerItemProxy */ = {
			isa = PBXContainerItemProxy;
			containerPortal = 5A25202523E9792700A4FB72 /* Project object */;
			proxyType = 1;
			remoteGlobalIDString = 5A25202C23E9792700A4FB72;
			remoteInfo = Feisty;
		};
/* End PBXContainerItemProxy section */

/* Begin PBXFileReference section */
		0042F5EA7E82374979AE6642 /* Pods-FeistyTests.release.xcconfig */ = {isa = PBXFileReference; includeInIndex = 1; lastKnownFileType = text.xcconfig; name = "Pods-FeistyTests.release.xcconfig"; path = "Target Support Files/Pods-FeistyTests/Pods-FeistyTests.release.xcconfig"; sourceTree = "<group>"; };
		41526A00EA94E2C917125D58 /* Pods-FeistyTests.debug.xcconfig */ = {isa = PBXFileReference; includeInIndex = 1; lastKnownFileType = text.xcconfig; name = "Pods-FeistyTests.debug.xcconfig"; path = "Target Support Files/Pods-FeistyTests/Pods-FeistyTests.debug.xcconfig"; sourceTree = "<group>"; };
		50F446061D95531E5B46B679 /* Pods_FeistyUITests.framework */ = {isa = PBXFileReference; explicitFileType = wrapper.framework; includeInIndex = 0; path = Pods_FeistyUITests.framework; sourceTree = BUILT_PRODUCTS_DIR; };
		5A25202D23E9792700A4FB72 /* Feisty.app */ = {isa = PBXFileReference; explicitFileType = wrapper.application; includeInIndex = 0; path = Feisty.app; sourceTree = BUILT_PRODUCTS_DIR; };
		5A25203023E9792700A4FB72 /* AppDelegate.swift */ = {isa = PBXFileReference; lastKnownFileType = sourcecode.swift; path = AppDelegate.swift; sourceTree = "<group>"; };
		5A25203223E9792700A4FB72 /* SceneDelegate.swift */ = {isa = PBXFileReference; lastKnownFileType = sourcecode.swift; path = SceneDelegate.swift; sourceTree = "<group>"; };
		5A25203423E9792700A4FB72 /* ViewController.swift */ = {isa = PBXFileReference; lastKnownFileType = sourcecode.swift; path = ViewController.swift; sourceTree = "<group>"; };
		5A25203723E9792700A4FB72 /* Base */ = {isa = PBXFileReference; lastKnownFileType = file.storyboard; name = Base; path = Base.lproj/Main.storyboard; sourceTree = "<group>"; };
		5A25203923E9792700A4FB72 /* Assets.xcassets */ = {isa = PBXFileReference; lastKnownFileType = folder.assetcatalog; path = Assets.xcassets; sourceTree = "<group>"; };
		5A25203C23E9792700A4FB72 /* Base */ = {isa = PBXFileReference; lastKnownFileType = file.storyboard; name = Base; path = Base.lproj/LaunchScreen.storyboard; sourceTree = "<group>"; };
		5A25203E23E9792700A4FB72 /* Info.plist */ = {isa = PBXFileReference; lastKnownFileType = text.plist.xml; path = Info.plist; sourceTree = "<group>"; };
		5A25204323E9792700A4FB72 /* FeistyTests.xctest */ = {isa = PBXFileReference; explicitFileType = wrapper.cfbundle; includeInIndex = 0; path = FeistyTests.xctest; sourceTree = BUILT_PRODUCTS_DIR; };
		5A25204923E9792700A4FB72 /* Info.plist */ = {isa = PBXFileReference; lastKnownFileType = text.plist.xml; path = Info.plist; sourceTree = "<group>"; };
		5A25204E23E9792700A4FB72 /* FeistyUITests.xctest */ = {isa = PBXFileReference; explicitFileType = wrapper.cfbundle; includeInIndex = 0; path = FeistyUITests.xctest; sourceTree = BUILT_PRODUCTS_DIR; };
		5A25205223E9792700A4FB72 /* LoginUITests.swift */ = {isa = PBXFileReference; lastKnownFileType = sourcecode.swift; path = LoginUITests.swift; sourceTree = "<group>"; };
		5A25205423E9792700A4FB72 /* Info.plist */ = {isa = PBXFileReference; lastKnownFileType = text.plist.xml; path = Info.plist; sourceTree = "<group>"; };
		5A3085DC2437033A0035106E /* BasicFriendCell.swift */ = {isa = PBXFileReference; lastKnownFileType = sourcecode.swift; path = BasicFriendCell.swift; sourceTree = "<group>"; };
		5A5C184923EAA1BD00C49076 /* MainMenuController.swift */ = {isa = PBXFileReference; lastKnownFileType = sourcecode.swift; path = MainMenuController.swift; sourceTree = "<group>"; };
		5A6F57A9242CC7E7009190FA /* GoogleService-Info.plist */ = {isa = PBXFileReference; fileEncoding = 4; lastKnownFileType = text.plist.xml; path = "GoogleService-Info.plist"; sourceTree = "<group>"; };
		5A8D210424050C70001578AE /* GameDetailsViewController.swift */ = {isa = PBXFileReference; lastKnownFileType = sourcecode.swift; path = GameDetailsViewController.swift; sourceTree = "<group>"; };
		5A8D2180240CE01B001578AE /* GamesViewController.swift */ = {isa = PBXFileReference; lastKnownFileType = sourcecode.swift; path = GamesViewController.swift; sourceTree = "<group>"; };
		5A8D21D7240D3284001578AE /* GameTableViewCell.swift */ = {isa = PBXFileReference; fileEncoding = 4; lastKnownFileType = sourcecode.swift; path = GameTableViewCell.swift; sourceTree = "<group>"; };
		5AA73FA923EAEB5200E38782 /* FriendsViewController.swift */ = {isa = PBXFileReference; lastKnownFileType = sourcecode.swift; path = FriendsViewController.swift; sourceTree = "<group>"; };
		5AA970B0241B7CCB001F6B5C /* LoginTestCase.swift */ = {isa = PBXFileReference; lastKnownFileType = sourcecode.swift; path = LoginTestCase.swift; sourceTree = "<group>"; };
		5AA970B5241F787F001F6B5C /* GameViewTestCase.swift */ = {isa = PBXFileReference; lastKnownFileType = sourcecode.swift; path = GameViewTestCase.swift; sourceTree = "<group>"; };
		5AA970B9241F7957001F6B5C /* GameViewUITests.swift */ = {isa = PBXFileReference; lastKnownFileType = sourcecode.swift; path = GameViewUITests.swift; sourceTree = "<group>"; };
		5AA970C02421DFD2001F6B5C /* XCTestCaseExtensions.swift */ = {isa = PBXFileReference; lastKnownFileType = sourcecode.swift; path = XCTestCaseExtensions.swift; sourceTree = "<group>"; };
		5AA970C42421F612001F6B5C /* gameList.json */ = {isa = PBXFileReference; fileEncoding = 4; lastKnownFileType = text.json; path = gameList.json; sourceTree = "<group>"; };
		5AA970C62423338C001F6B5C /* gameList.json */ = {isa = PBXFileReference; fileEncoding = 4; lastKnownFileType = text.json; name = gameList.json; path = MockResources/gameList.json; sourceTree = "<group>"; };
		5AA970CB2423544C001F6B5C /* FriendViewTestCase.swift */ = {isa = PBXFileReference; lastKnownFileType = sourcecode.swift; path = FriendViewTestCase.swift; sourceTree = "<group>"; };
		5AA970CD242354A5001F6B5C /* FriendViewUITests.swift */ = {isa = PBXFileReference; lastKnownFileType = sourcecode.swift; path = FriendViewUITests.swift; sourceTree = "<group>"; };
		5AC4887E2424E57900757B0D /* NSObjectExtemsion.swift */ = {isa = PBXFileReference; lastKnownFileType = sourcecode.swift; path = NSObjectExtemsion.swift; sourceTree = "<group>"; };
		666D0E31ABA5F364E4A609D9 /* Pods-Feisty.release.xcconfig */ = {isa = PBXFileReference; includeInIndex = 1; lastKnownFileType = text.xcconfig; name = "Pods-Feisty.release.xcconfig"; path = "Target Support Files/Pods-Feisty/Pods-Feisty.release.xcconfig"; sourceTree = "<group>"; };
		8685D4AAC529E20A24214CA3 /* Pods_FeistyTests.framework */ = {isa = PBXFileReference; explicitFileType = wrapper.framework; includeInIndex = 0; path = Pods_FeistyTests.framework; sourceTree = BUILT_PRODUCTS_DIR; };
		8EAE55A9D05C66B1ABA53077 /* Pods-FeistyUITests.release.xcconfig */ = {isa = PBXFileReference; includeInIndex = 1; lastKnownFileType = text.xcconfig; name = "Pods-FeistyUITests.release.xcconfig"; path = "Target Support Files/Pods-FeistyUITests/Pods-FeistyUITests.release.xcconfig"; sourceTree = "<group>"; };
		8FF5CBC70A7C4620709529DF /* Pods_Feisty.framework */ = {isa = PBXFileReference; explicitFileType = wrapper.framework; includeInIndex = 0; path = Pods_Feisty.framework; sourceTree = BUILT_PRODUCTS_DIR; };
		A02D38D434662BE80CA5F43F /* Pods-FeistyUITests.debug.xcconfig */ = {isa = PBXFileReference; includeInIndex = 1; lastKnownFileType = text.xcconfig; name = "Pods-FeistyUITests.debug.xcconfig"; path = "Target Support Files/Pods-FeistyUITests/Pods-FeistyUITests.debug.xcconfig"; sourceTree = "<group>"; };
		C2B6C25C2838B69CE71DE550 /* Pods-Feisty.debug.xcconfig */ = {isa = PBXFileReference; includeInIndex = 1; lastKnownFileType = text.xcconfig; name = "Pods-Feisty.debug.xcconfig"; path = "Target Support Files/Pods-Feisty/Pods-Feisty.debug.xcconfig"; sourceTree = "<group>"; };
/* End PBXFileReference section */

/* Begin PBXFrameworksBuildPhase section */
		5A25202A23E9792700A4FB72 /* Frameworks */ = {
			isa = PBXFrameworksBuildPhase;
			buildActionMask = 2147483647;
			files = (
				49475644C1ABC1A09316C28B /* Pods_Feisty.framework in Frameworks */,
			);
			runOnlyForDeploymentPostprocessing = 0;
		};
		5A25204023E9792700A4FB72 /* Frameworks */ = {
			isa = PBXFrameworksBuildPhase;
			buildActionMask = 2147483647;
			files = (
				D7147FD667D1A72ADF262062 /* Pods_FeistyTests.framework in Frameworks */,
			);
			runOnlyForDeploymentPostprocessing = 0;
		};
		5A25204B23E9792700A4FB72 /* Frameworks */ = {
			isa = PBXFrameworksBuildPhase;
			buildActionMask = 2147483647;
			files = (
				9B4B61123858AEED894A6F9C /* Pods_FeistyUITests.framework in Frameworks */,
			);
			runOnlyForDeploymentPostprocessing = 0;
		};
/* End PBXFrameworksBuildPhase section */

/* Begin PBXGroup section */
		5A25202423E9792700A4FB72 = {
			isa = PBXGroup;
			children = (
				5A6F57A9242CC7E7009190FA /* GoogleService-Info.plist */,
				5A25202F23E9792700A4FB72 /* Feisty */,
				5A25204623E9792700A4FB72 /* FeistyTests */,
				5A25205123E9792700A4FB72 /* FeistyUITests */,
				5A25202E23E9792700A4FB72 /* Products */,
				CEFA2A4251FDEF1418F5D93B /* Pods */,
				A66485246F46090B354B04DF /* Frameworks */,
			);
			sourceTree = "<group>";
		};
		5A25202E23E9792700A4FB72 /* Products */ = {
			isa = PBXGroup;
			children = (
				5A25202D23E9792700A4FB72 /* Feisty.app */,
				5A25204323E9792700A4FB72 /* FeistyTests.xctest */,
				5A25204E23E9792700A4FB72 /* FeistyUITests.xctest */,
			);
			name = Products;
			sourceTree = "<group>";
		};
		5A25202F23E9792700A4FB72 /* Feisty */ = {
			isa = PBXGroup;
			children = (
				5A6F5A1C243609AF009190FA /* FriendsView */,
				5AA970C62423338C001F6B5C /* gameList.json */,
				5A8D218D240CE4FD001578AE /* GameDetails */,
				5A8D2178240CDF4E001578AE /* GameView */,
				5A8D21192407B466001578AE /* Login */,
				5AA73FA823EAEB0600E38782 /* ViewControllers */,
				5A25203023E9792700A4FB72 /* AppDelegate.swift */,
				5A25203223E9792700A4FB72 /* SceneDelegate.swift */,
				5A25203623E9792700A4FB72 /* Main.storyboard */,
				5A25203923E9792700A4FB72 /* Assets.xcassets */,
				5A25203B23E9792700A4FB72 /* LaunchScreen.storyboard */,
				5A25203E23E9792700A4FB72 /* Info.plist */,
				5AC4887E2424E57900757B0D /* NSObjectExtemsion.swift */,
			);
			path = Feisty;
			sourceTree = "<group>";
		};
		5A25204623E9792700A4FB72 /* FeistyTests */ = {
			isa = PBXGroup;
			children = (
				5A25204923E9792700A4FB72 /* Info.plist */,
				5AA970C02421DFD2001F6B5C /* XCTestCaseExtensions.swift */,
			);
			path = FeistyTests;
			sourceTree = "<group>";
		};
		5A25205123E9792700A4FB72 /* FeistyUITests */ = {
			isa = PBXGroup;
			children = (
				5AA970CA24235417001F6B5C /* FriendsViewTests */,
				5AA970C42421F612001F6B5C /* gameList.json */,
				5AA970B4241F785E001F6B5C /* GameViewTests */,
				5AA970AF241B7A3C001F6B5C /* LoginTests */,
				5A25205423E9792700A4FB72 /* Info.plist */,
			);
			path = FeistyUITests;
			sourceTree = "<group>";
		};
		5A6F5A1C243609AF009190FA /* FriendsView */ = {
			isa = PBXGroup;
			children = (
				5AA73FA923EAEB5200E38782 /* FriendsViewController.swift */,
				5A3085DC2437033A0035106E /* BasicFriendCell.swift */,
			);
			path = FriendsView;
			sourceTree = "<group>";
		};
		5A8D21192407B466001578AE /* Login */ = {
			isa = PBXGroup;
			children = (
				5A25203423E9792700A4FB72 /* ViewController.swift */,
			);
			path = Login;
			sourceTree = "<group>";
		};
		5A8D2178240CDF4E001578AE /* GameView */ = {
			isa = PBXGroup;
			children = (
				5A8D2179240CDF5B001578AE /* GameViewComponents */,
			);
			path = GameView;
			sourceTree = "<group>";
		};
		5A8D2179240CDF5B001578AE /* GameViewComponents */ = {
			isa = PBXGroup;
			children = (
				5A8D21D7240D3284001578AE /* GameTableViewCell.swift */,
				5A8D2180240CE01B001578AE /* GamesViewController.swift */,
			);
			path = GameViewComponents;
			sourceTree = "<group>";
		};
		5A8D218D240CE4FD001578AE /* GameDetails */ = {
			isa = PBXGroup;
			children = (
				5A8D210424050C70001578AE /* GameDetailsViewController.swift */,
			);
			path = GameDetails;
			sourceTree = "<group>";
		};
		5AA73FA823EAEB0600E38782 /* ViewControllers */ = {
			isa = PBXGroup;
			children = (
				5A5C184923EAA1BD00C49076 /* MainMenuController.swift */,
			);
			path = ViewControllers;
			sourceTree = "<group>";
		};
		5AA970AF241B7A3C001F6B5C /* LoginTests */ = {
			isa = PBXGroup;
			children = (
				5A25205223E9792700A4FB72 /* LoginUITests.swift */,
				5AA970B0241B7CCB001F6B5C /* LoginTestCase.swift */,
			);
			path = LoginTests;
			sourceTree = "<group>";
		};
		5AA970B4241F785E001F6B5C /* GameViewTests */ = {
			isa = PBXGroup;
			children = (
				5AA970B5241F787F001F6B5C /* GameViewTestCase.swift */,
				5AA970B9241F7957001F6B5C /* GameViewUITests.swift */,
			);
			path = GameViewTests;
			sourceTree = "<group>";
		};
		5AA970CA24235417001F6B5C /* FriendsViewTests */ = {
			isa = PBXGroup;
			children = (
				5AA970CB2423544C001F6B5C /* FriendViewTestCase.swift */,
				5AA970CD242354A5001F6B5C /* FriendViewUITests.swift */,
			);
			path = FriendsViewTests;
			sourceTree = "<group>";
		};
		A66485246F46090B354B04DF /* Frameworks */ = {
			isa = PBXGroup;
			children = (
				8FF5CBC70A7C4620709529DF /* Pods_Feisty.framework */,
				8685D4AAC529E20A24214CA3 /* Pods_FeistyTests.framework */,
				50F446061D95531E5B46B679 /* Pods_FeistyUITests.framework */,
			);
			name = Frameworks;
			sourceTree = "<group>";
		};
		CEFA2A4251FDEF1418F5D93B /* Pods */ = {
			isa = PBXGroup;
			children = (
				C2B6C25C2838B69CE71DE550 /* Pods-Feisty.debug.xcconfig */,
				666D0E31ABA5F364E4A609D9 /* Pods-Feisty.release.xcconfig */,
				41526A00EA94E2C917125D58 /* Pods-FeistyTests.debug.xcconfig */,
				0042F5EA7E82374979AE6642 /* Pods-FeistyTests.release.xcconfig */,
				A02D38D434662BE80CA5F43F /* Pods-FeistyUITests.debug.xcconfig */,
				8EAE55A9D05C66B1ABA53077 /* Pods-FeistyUITests.release.xcconfig */,
			);
			path = Pods;
			sourceTree = "<group>";
		};
/* End PBXGroup section */

/* Begin PBXNativeTarget section */
		5A25202C23E9792700A4FB72 /* Feisty */ = {
			isa = PBXNativeTarget;
			buildConfigurationList = 5A25205723E9792700A4FB72 /* Build configuration list for PBXNativeTarget "Feisty" */;
			buildPhases = (
				BE20CCDBD30E0053B475BCA0 /* [CP] Check Pods Manifest.lock */,
				5A25202923E9792700A4FB72 /* Sources */,
				5A25202A23E9792700A4FB72 /* Frameworks */,
				5A25202B23E9792700A4FB72 /* Resources */,
				5A812AAF23F2D64900152639 /* ShellScript */,
				A33135280DAA73892094E303 /* [CP] Embed Pods Frameworks */,
			);
			buildRules = (
			);
			dependencies = (
			);
			name = Feisty;
			productName = Feisty;
			productReference = 5A25202D23E9792700A4FB72 /* Feisty.app */;
			productType = "com.apple.product-type.application";
		};
		5A25204223E9792700A4FB72 /* FeistyTests */ = {
			isa = PBXNativeTarget;
			buildConfigurationList = 5A25205A23E9792700A4FB72 /* Build configuration list for PBXNativeTarget "FeistyTests" */;
			buildPhases = (
				19AB7B378DE6C4EFE9A7EDD3 /* [CP] Check Pods Manifest.lock */,
				5A25203F23E9792700A4FB72 /* Sources */,
				5A25204023E9792700A4FB72 /* Frameworks */,
				5A25204123E9792700A4FB72 /* Resources */,
				2A86A1E692D8B0FD3006BDE6 /* [CP] Embed Pods Frameworks */,
			);
			buildRules = (
			);
			dependencies = (
				5A25204523E9792700A4FB72 /* PBXTargetDependency */,
			);
			name = FeistyTests;
			productName = FeistyTests;
			productReference = 5A25204323E9792700A4FB72 /* FeistyTests.xctest */;
			productType = "com.apple.product-type.bundle.unit-test";
		};
		5A25204D23E9792700A4FB72 /* FeistyUITests */ = {
			isa = PBXNativeTarget;
			buildConfigurationList = 5A25205D23E9792700A4FB72 /* Build configuration list for PBXNativeTarget "FeistyUITests" */;
			buildPhases = (
				43D6E20B772250E228DC31F2 /* [CP] Check Pods Manifest.lock */,
				5A25204A23E9792700A4FB72 /* Sources */,
				5A25204B23E9792700A4FB72 /* Frameworks */,
				5A25204C23E9792700A4FB72 /* Resources */,
				30EB22B1A37DB1B60CF4CE7D /* [CP] Embed Pods Frameworks */,
			);
			buildRules = (
			);
			dependencies = (
				5A25205023E9792700A4FB72 /* PBXTargetDependency */,
			);
			name = FeistyUITests;
			productName = FeistyUITests;
			productReference = 5A25204E23E9792700A4FB72 /* FeistyUITests.xctest */;
			productType = "com.apple.product-type.bundle.ui-testing";
		};
/* End PBXNativeTarget section */

/* Begin PBXProject section */
		5A25202523E9792700A4FB72 /* Project object */ = {
			isa = PBXProject;
			attributes = {
				LastSwiftUpdateCheck = 1130;
				LastUpgradeCheck = 1130;
				ORGANIZATIONNAME = DVT;
				TargetAttributes = {
					5A25202C23E9792700A4FB72 = {
						CreatedOnToolsVersion = 11.3.1;
						LastSwiftMigration = 1130;
					};
					5A25204223E9792700A4FB72 = {
						CreatedOnToolsVersion = 11.3.1;
						TestTargetID = 5A25202C23E9792700A4FB72;
					};
					5A25204D23E9792700A4FB72 = {
						CreatedOnToolsVersion = 11.3.1;
						TestTargetID = 5A25202C23E9792700A4FB72;
					};
				};
			};
			buildConfigurationList = 5A25202823E9792700A4FB72 /* Build configuration list for PBXProject "Feisty" */;
			compatibilityVersion = "Xcode 9.3";
			developmentRegion = en;
			hasScannedForEncodings = 0;
			knownRegions = (
				en,
				Base,
			);
			mainGroup = 5A25202423E9792700A4FB72;
			productRefGroup = 5A25202E23E9792700A4FB72 /* Products */;
			projectDirPath = "";
			projectRoot = "";
			targets = (
				5A25202C23E9792700A4FB72 /* Feisty */,
				5A25204223E9792700A4FB72 /* FeistyTests */,
				5A25204D23E9792700A4FB72 /* FeistyUITests */,
			);
		};
/* End PBXProject section */

/* Begin PBXResourcesBuildPhase section */
		5A25202B23E9792700A4FB72 /* Resources */ = {
			isa = PBXResourcesBuildPhase;
			buildActionMask = 2147483647;
			files = (
				5A25203D23E9792700A4FB72 /* LaunchScreen.storyboard in Resources */,
				5A25203A23E9792700A4FB72 /* Assets.xcassets in Resources */,
				5A6F57AA242CC7E7009190FA /* GoogleService-Info.plist in Resources */,
				5A25203823E9792700A4FB72 /* Main.storyboard in Resources */,
				5AA970C72423338D001F6B5C /* gameList.json in Resources */,
			);
			runOnlyForDeploymentPostprocessing = 0;
		};
		5A25204123E9792700A4FB72 /* Resources */ = {
			isa = PBXResourcesBuildPhase;
			buildActionMask = 2147483647;
			files = (
				5A6F57AB242CC865009190FA /* GoogleService-Info.plist in Resources */,
			);
			runOnlyForDeploymentPostprocessing = 0;
		};
		5A25204C23E9792700A4FB72 /* Resources */ = {
			isa = PBXResourcesBuildPhase;
			buildActionMask = 2147483647;
			files = (
				5AA970C52421F612001F6B5C /* gameList.json in Resources */,
				5A6F57AC242CC865009190FA /* GoogleService-Info.plist in Resources */,
			);
			runOnlyForDeploymentPostprocessing = 0;
		};
/* End PBXResourcesBuildPhase section */

/* Begin PBXShellScriptBuildPhase section */
		19AB7B378DE6C4EFE9A7EDD3 /* [CP] Check Pods Manifest.lock */ = {
			isa = PBXShellScriptBuildPhase;
			buildActionMask = 2147483647;
			files = (
			);
			inputFileListPaths = (
			);
			inputPaths = (
				"${PODS_PODFILE_DIR_PATH}/Podfile.lock",
				"${PODS_ROOT}/Manifest.lock",
			);
			name = "[CP] Check Pods Manifest.lock";
			outputFileListPaths = (
			);
			outputPaths = (
				"$(DERIVED_FILE_DIR)/Pods-FeistyTests-checkManifestLockResult.txt",
			);
			runOnlyForDeploymentPostprocessing = 0;
			shellPath = /bin/sh;
			shellScript = "diff \"${PODS_PODFILE_DIR_PATH}/Podfile.lock\" \"${PODS_ROOT}/Manifest.lock\" > /dev/null\nif [ $? != 0 ] ; then\n    # print error to STDERR\n    echo \"error: The sandbox is not in sync with the Podfile.lock. Run 'pod install' or update your CocoaPods installation.\" >&2\n    exit 1\nfi\n# This output is used by Xcode 'outputs' to avoid re-running this script phase.\necho \"SUCCESS\" > \"${SCRIPT_OUTPUT_FILE_0}\"\n";
			showEnvVarsInLog = 0;
		};
		2A86A1E692D8B0FD3006BDE6 /* [CP] Embed Pods Frameworks */ = {
			isa = PBXShellScriptBuildPhase;
			buildActionMask = 2147483647;
			files = (
			);
			inputFileListPaths = (
				"${PODS_ROOT}/Target Support Files/Pods-FeistyTests/Pods-FeistyTests-frameworks-${CONFIGURATION}-input-files.xcfilelist",
			);
			name = "[CP] Embed Pods Frameworks";
			outputFileListPaths = (
				"${PODS_ROOT}/Target Support Files/Pods-FeistyTests/Pods-FeistyTests-frameworks-${CONFIGURATION}-output-files.xcfilelist",
			);
			runOnlyForDeploymentPostprocessing = 0;
			shellPath = /bin/sh;
			shellScript = "\"${PODS_ROOT}/Target Support Files/Pods-FeistyTests/Pods-FeistyTests-frameworks.sh\"\n";
			showEnvVarsInLog = 0;
		};
		30EB22B1A37DB1B60CF4CE7D /* [CP] Embed Pods Frameworks */ = {
			isa = PBXShellScriptBuildPhase;
			buildActionMask = 2147483647;
			files = (
			);
			inputFileListPaths = (
				"${PODS_ROOT}/Target Support Files/Pods-FeistyUITests/Pods-FeistyUITests-frameworks-${CONFIGURATION}-input-files.xcfilelist",
			);
			name = "[CP] Embed Pods Frameworks";
			outputFileListPaths = (
				"${PODS_ROOT}/Target Support Files/Pods-FeistyUITests/Pods-FeistyUITests-frameworks-${CONFIGURATION}-output-files.xcfilelist",
			);
			runOnlyForDeploymentPostprocessing = 0;
			shellPath = /bin/sh;
			shellScript = "\"${PODS_ROOT}/Target Support Files/Pods-FeistyUITests/Pods-FeistyUITests-frameworks.sh\"\n";
			showEnvVarsInLog = 0;
		};
		43D6E20B772250E228DC31F2 /* [CP] Check Pods Manifest.lock */ = {
			isa = PBXShellScriptBuildPhase;
			buildActionMask = 2147483647;
			files = (
			);
			inputFileListPaths = (
			);
			inputPaths = (
				"${PODS_PODFILE_DIR_PATH}/Podfile.lock",
				"${PODS_ROOT}/Manifest.lock",
			);
			name = "[CP] Check Pods Manifest.lock";
			outputFileListPaths = (
			);
			outputPaths = (
				"$(DERIVED_FILE_DIR)/Pods-FeistyUITests-checkManifestLockResult.txt",
			);
			runOnlyForDeploymentPostprocessing = 0;
			shellPath = /bin/sh;
			shellScript = "diff \"${PODS_PODFILE_DIR_PATH}/Podfile.lock\" \"${PODS_ROOT}/Manifest.lock\" > /dev/null\nif [ $? != 0 ] ; then\n    # print error to STDERR\n    echo \"error: The sandbox is not in sync with the Podfile.lock. Run 'pod install' or update your CocoaPods installation.\" >&2\n    exit 1\nfi\n# This output is used by Xcode 'outputs' to avoid re-running this script phase.\necho \"SUCCESS\" > \"${SCRIPT_OUTPUT_FILE_0}\"\n";
			showEnvVarsInLog = 0;
		};
		5A812AAF23F2D64900152639 /* ShellScript */ = {
			isa = PBXShellScriptBuildPhase;
			buildActionMask = 2147483647;
			files = (
			);
			inputFileListPaths = (
			);
			inputPaths = (
			);
			outputFileListPaths = (
			);
			outputPaths = (
			);
			runOnlyForDeploymentPostprocessing = 0;
			shellPath = /bin/sh;
			shellScript = "if which swiftlint >/dev/null; then\n  swiftlint\nelse\n  echo \"warning: SwiftLint not installed, download from https://github.com/realm/SwiftLint\"\nfi\n";
		};
		A33135280DAA73892094E303 /* [CP] Embed Pods Frameworks */ = {
			isa = PBXShellScriptBuildPhase;
			buildActionMask = 2147483647;
			files = (
			);
			inputFileListPaths = (
				"${PODS_ROOT}/Target Support Files/Pods-Feisty/Pods-Feisty-frameworks-${CONFIGURATION}-input-files.xcfilelist",
			);
			name = "[CP] Embed Pods Frameworks";
			outputFileListPaths = (
				"${PODS_ROOT}/Target Support Files/Pods-Feisty/Pods-Feisty-frameworks-${CONFIGURATION}-output-files.xcfilelist",
			);
			runOnlyForDeploymentPostprocessing = 0;
			shellPath = /bin/sh;
			shellScript = "\"${PODS_ROOT}/Target Support Files/Pods-Feisty/Pods-Feisty-frameworks.sh\"\n";
			showEnvVarsInLog = 0;
		};
		BE20CCDBD30E0053B475BCA0 /* [CP] Check Pods Manifest.lock */ = {
			isa = PBXShellScriptBuildPhase;
			buildActionMask = 2147483647;
			files = (
			);
			inputFileListPaths = (
			);
			inputPaths = (
				"${PODS_PODFILE_DIR_PATH}/Podfile.lock",
				"${PODS_ROOT}/Manifest.lock",
			);
			name = "[CP] Check Pods Manifest.lock";
			outputFileListPaths = (
			);
			outputPaths = (
				"$(DERIVED_FILE_DIR)/Pods-Feisty-checkManifestLockResult.txt",
			);
			runOnlyForDeploymentPostprocessing = 0;
			shellPath = /bin/sh;
			shellScript = "diff \"${PODS_PODFILE_DIR_PATH}/Podfile.lock\" \"${PODS_ROOT}/Manifest.lock\" > /dev/null\nif [ $? != 0 ] ; then\n    # print error to STDERR\n    echo \"error: The sandbox is not in sync with the Podfile.lock. Run 'pod install' or update your CocoaPods installation.\" >&2\n    exit 1\nfi\n# This output is used by Xcode 'outputs' to avoid re-running this script phase.\necho \"SUCCESS\" > \"${SCRIPT_OUTPUT_FILE_0}\"\n";
			showEnvVarsInLog = 0;
		};
/* End PBXShellScriptBuildPhase section */

/* Begin PBXSourcesBuildPhase section */
		5A25202923E9792700A4FB72 /* Sources */ = {
			isa = PBXSourcesBuildPhase;
			buildActionMask = 2147483647;
			files = (
				5A25203523E9792700A4FB72 /* ViewController.swift in Sources */,
				5A25203123E9792700A4FB72 /* AppDelegate.swift in Sources */,
				5A8D2181240CE01B001578AE /* GamesViewController.swift in Sources */,
				5A25203323E9792700A4FB72 /* SceneDelegate.swift in Sources */,
				5A5C184A23EAA1BD00C49076 /* MainMenuController.swift in Sources */,
				5A3085DD2437033A0035106E /* BasicFriendCell.swift in Sources */,
				5AC4887F2424E57900757B0D /* NSObjectExtemsion.swift in Sources */,
				5A8D210524050C70001578AE /* GameDetailsViewController.swift in Sources */,
				5AA73FAA23EAEB5200E38782 /* FriendsViewController.swift in Sources */,
				5A8D21D8240D3284001578AE /* GameTableViewCell.swift in Sources */,
			);
			runOnlyForDeploymentPostprocessing = 0;
		};
		5A25203F23E9792700A4FB72 /* Sources */ = {
			isa = PBXSourcesBuildPhase;
			buildActionMask = 2147483647;
			files = (
				5AA970C12421DFD2001F6B5C /* XCTestCaseExtensions.swift in Sources */,
			);
			runOnlyForDeploymentPostprocessing = 0;
		};
		5A25204A23E9792700A4FB72 /* Sources */ = {
			isa = PBXSourcesBuildPhase;
			buildActionMask = 2147483647;
			files = (
				5AA970B6241F787F001F6B5C /* GameViewTestCase.swift in Sources */,
				5A25205323E9792700A4FB72 /* LoginUITests.swift in Sources */,
				5AA970CC2423544C001F6B5C /* FriendViewTestCase.swift in Sources */,
				5AA970BA241F7957001F6B5C /* GameViewUITests.swift in Sources */,
				5AA970CE242354A5001F6B5C /* FriendViewUITests.swift in Sources */,
				5AA970B1241B7CCB001F6B5C /* LoginTestCase.swift in Sources */,
			);
			runOnlyForDeploymentPostprocessing = 0;
		};
/* End PBXSourcesBuildPhase section */

/* Begin PBXTargetDependency section */
		5A25204523E9792700A4FB72 /* PBXTargetDependency */ = {
			isa = PBXTargetDependency;
			target = 5A25202C23E9792700A4FB72 /* Feisty */;
			targetProxy = 5A25204423E9792700A4FB72 /* PBXContainerItemProxy */;
		};
		5A25205023E9792700A4FB72 /* PBXTargetDependency */ = {
			isa = PBXTargetDependency;
			target = 5A25202C23E9792700A4FB72 /* Feisty */;
			targetProxy = 5A25204F23E9792700A4FB72 /* PBXContainerItemProxy */;
		};
/* End PBXTargetDependency section */

/* Begin PBXVariantGroup section */
		5A25203623E9792700A4FB72 /* Main.storyboard */ = {
			isa = PBXVariantGroup;
			children = (
				5A25203723E9792700A4FB72 /* Base */,
			);
			name = Main.storyboard;
			sourceTree = "<group>";
		};
		5A25203B23E9792700A4FB72 /* LaunchScreen.storyboard */ = {
			isa = PBXVariantGroup;
			children = (
				5A25203C23E9792700A4FB72 /* Base */,
			);
			name = LaunchScreen.storyboard;
			sourceTree = "<group>";
		};
/* End PBXVariantGroup section */

/* Begin XCBuildConfiguration section */
		5A25205523E9792700A4FB72 /* Debug */ = {
			isa = XCBuildConfiguration;
			buildSettings = {
				ALWAYS_SEARCH_USER_PATHS = NO;
				CLANG_ANALYZER_NONNULL = YES;
				CLANG_ANALYZER_NUMBER_OBJECT_CONVERSION = YES_AGGRESSIVE;
				CLANG_CXX_LANGUAGE_STANDARD = "gnu++14";
				CLANG_CXX_LIBRARY = "libc++";
				CLANG_ENABLE_MODULES = YES;
				CLANG_ENABLE_OBJC_ARC = YES;
				CLANG_ENABLE_OBJC_WEAK = YES;
				CLANG_WARN_BLOCK_CAPTURE_AUTORELEASING = YES;
				CLANG_WARN_BOOL_CONVERSION = YES;
				CLANG_WARN_COMMA = YES;
				CLANG_WARN_CONSTANT_CONVERSION = YES;
				CLANG_WARN_DEPRECATED_OBJC_IMPLEMENTATIONS = YES;
				CLANG_WARN_DIRECT_OBJC_ISA_USAGE = YES_ERROR;
				CLANG_WARN_DOCUMENTATION_COMMENTS = YES;
				CLANG_WARN_EMPTY_BODY = YES;
				CLANG_WARN_ENUM_CONVERSION = YES;
				CLANG_WARN_INFINITE_RECURSION = YES;
				CLANG_WARN_INT_CONVERSION = YES;
				CLANG_WARN_NON_LITERAL_NULL_CONVERSION = YES;
				CLANG_WARN_OBJC_IMPLICIT_RETAIN_SELF = YES;
				CLANG_WARN_OBJC_LITERAL_CONVERSION = YES;
				CLANG_WARN_OBJC_ROOT_CLASS = YES_ERROR;
				CLANG_WARN_RANGE_LOOP_ANALYSIS = YES;
				CLANG_WARN_STRICT_PROTOTYPES = YES;
				CLANG_WARN_SUSPICIOUS_MOVE = YES;
				CLANG_WARN_UNGUARDED_AVAILABILITY = YES_AGGRESSIVE;
				CLANG_WARN_UNREACHABLE_CODE = YES;
				CLANG_WARN__DUPLICATE_METHOD_MATCH = YES;
				COPY_PHASE_STRIP = NO;
				DEBUG_INFORMATION_FORMAT = dwarf;
				ENABLE_STRICT_OBJC_MSGSEND = YES;
				ENABLE_TESTABILITY = YES;
				GCC_C_LANGUAGE_STANDARD = gnu11;
				GCC_DYNAMIC_NO_PIC = NO;
				GCC_NO_COMMON_BLOCKS = YES;
				GCC_OPTIMIZATION_LEVEL = 0;
				GCC_PREPROCESSOR_DEFINITIONS = (
					"DEBUG=1",
					"$(inherited)",
				);
				GCC_WARN_64_TO_32_BIT_CONVERSION = YES;
				GCC_WARN_ABOUT_RETURN_TYPE = YES_ERROR;
				GCC_WARN_UNDECLARED_SELECTOR = YES;
				GCC_WARN_UNINITIALIZED_AUTOS = YES_AGGRESSIVE;
				GCC_WARN_UNUSED_FUNCTION = YES;
				GCC_WARN_UNUSED_VARIABLE = YES;
				IPHONEOS_DEPLOYMENT_TARGET = 13.2;
				MTL_ENABLE_DEBUG_INFO = INCLUDE_SOURCE;
				MTL_FAST_MATH = YES;
				ONLY_ACTIVE_ARCH = YES;
				SDKROOT = iphoneos;
				SWIFT_ACTIVE_COMPILATION_CONDITIONS = DEBUG;
				SWIFT_OPTIMIZATION_LEVEL = "-Onone";
			};
			name = Debug;
		};
		5A25205623E9792700A4FB72 /* Release */ = {
			isa = XCBuildConfiguration;
			buildSettings = {
				ALWAYS_SEARCH_USER_PATHS = NO;
				CLANG_ANALYZER_NONNULL = YES;
				CLANG_ANALYZER_NUMBER_OBJECT_CONVERSION = YES_AGGRESSIVE;
				CLANG_CXX_LANGUAGE_STANDARD = "gnu++14";
				CLANG_CXX_LIBRARY = "libc++";
				CLANG_ENABLE_MODULES = YES;
				CLANG_ENABLE_OBJC_ARC = YES;
				CLANG_ENABLE_OBJC_WEAK = YES;
				CLANG_WARN_BLOCK_CAPTURE_AUTORELEASING = YES;
				CLANG_WARN_BOOL_CONVERSION = YES;
				CLANG_WARN_COMMA = YES;
				CLANG_WARN_CONSTANT_CONVERSION = YES;
				CLANG_WARN_DEPRECATED_OBJC_IMPLEMENTATIONS = YES;
				CLANG_WARN_DIRECT_OBJC_ISA_USAGE = YES_ERROR;
				CLANG_WARN_DOCUMENTATION_COMMENTS = YES;
				CLANG_WARN_EMPTY_BODY = YES;
				CLANG_WARN_ENUM_CONVERSION = YES;
				CLANG_WARN_INFINITE_RECURSION = YES;
				CLANG_WARN_INT_CONVERSION = YES;
				CLANG_WARN_NON_LITERAL_NULL_CONVERSION = YES;
				CLANG_WARN_OBJC_IMPLICIT_RETAIN_SELF = YES;
				CLANG_WARN_OBJC_LITERAL_CONVERSION = YES;
				CLANG_WARN_OBJC_ROOT_CLASS = YES_ERROR;
				CLANG_WARN_RANGE_LOOP_ANALYSIS = YES;
				CLANG_WARN_STRICT_PROTOTYPES = YES;
				CLANG_WARN_SUSPICIOUS_MOVE = YES;
				CLANG_WARN_UNGUARDED_AVAILABILITY = YES_AGGRESSIVE;
				CLANG_WARN_UNREACHABLE_CODE = YES;
				CLANG_WARN__DUPLICATE_METHOD_MATCH = YES;
				COPY_PHASE_STRIP = NO;
				DEBUG_INFORMATION_FORMAT = "dwarf-with-dsym";
				ENABLE_NS_ASSERTIONS = NO;
				ENABLE_STRICT_OBJC_MSGSEND = YES;
				GCC_C_LANGUAGE_STANDARD = gnu11;
				GCC_NO_COMMON_BLOCKS = YES;
				GCC_WARN_64_TO_32_BIT_CONVERSION = YES;
				GCC_WARN_ABOUT_RETURN_TYPE = YES_ERROR;
				GCC_WARN_UNDECLARED_SELECTOR = YES;
				GCC_WARN_UNINITIALIZED_AUTOS = YES_AGGRESSIVE;
				GCC_WARN_UNUSED_FUNCTION = YES;
				GCC_WARN_UNUSED_VARIABLE = YES;
				IPHONEOS_DEPLOYMENT_TARGET = 13.2;
				MTL_ENABLE_DEBUG_INFO = NO;
				MTL_FAST_MATH = YES;
				SDKROOT = iphoneos;
				SWIFT_COMPILATION_MODE = wholemodule;
				SWIFT_OPTIMIZATION_LEVEL = "-O";
				VALIDATE_PRODUCT = YES;
			};
			name = Release;
		};
		5A25205823E9792700A4FB72 /* Debug */ = {
			isa = XCBuildConfiguration;
			baseConfigurationReference = C2B6C25C2838B69CE71DE550 /* Pods-Feisty.debug.xcconfig */;
			buildSettings = {
				ASSETCATALOG_COMPILER_APPICON_NAME = AppIcon;
				CLANG_ENABLE_MODULES = YES;
				CODE_SIGN_STYLE = Automatic;
				DEVELOPMENT_TEAM = GLK7J5PP82;
				INFOPLIST_FILE = Feisty/Info.plist;
				LD_RUNPATH_SEARCH_PATHS = (
					"$(inherited)",
					"@executable_path/Frameworks",
				);
				PRODUCT_BUNDLE_IDENTIFIER = za.co.dvt.Feisty;
				PRODUCT_NAME = "$(TARGET_NAME)";
				SWIFT_OBJC_BRIDGING_HEADER = "";
				SWIFT_OPTIMIZATION_LEVEL = "-Onone";
				SWIFT_VERSION = 5.0;
				TARGETED_DEVICE_FAMILY = "1,2";
			};
			name = Debug;
		};
		5A25205923E9792700A4FB72 /* Release */ = {
			isa = XCBuildConfiguration;
			baseConfigurationReference = 666D0E31ABA5F364E4A609D9 /* Pods-Feisty.release.xcconfig */;
			buildSettings = {
				ASSETCATALOG_COMPILER_APPICON_NAME = AppIcon;
				CLANG_ENABLE_MODULES = YES;
				CODE_SIGN_STYLE = Automatic;
				DEVELOPMENT_TEAM = GLK7J5PP82;
				INFOPLIST_FILE = Feisty/Info.plist;
				LD_RUNPATH_SEARCH_PATHS = (
					"$(inherited)",
					"@executable_path/Frameworks",
				);
				PRODUCT_BUNDLE_IDENTIFIER = za.co.dvt.Feisty;
				PRODUCT_NAME = "$(TARGET_NAME)";
				SWIFT_OBJC_BRIDGING_HEADER = "";
				SWIFT_VERSION = 5.0;
				TARGETED_DEVICE_FAMILY = "1,2";
			};
			name = Release;
		};
		5A25205B23E9792700A4FB72 /* Debug */ = {
			isa = XCBuildConfiguration;
			baseConfigurationReference = 41526A00EA94E2C917125D58 /* Pods-FeistyTests.debug.xcconfig */;
			buildSettings = {
				ALWAYS_EMBED_SWIFT_STANDARD_LIBRARIES = YES;
				BUNDLE_LOADER = "$(TEST_HOST)";
				CODE_SIGN_STYLE = Automatic;
				INFOPLIST_FILE = FeistyTests/Info.plist;
				IPHONEOS_DEPLOYMENT_TARGET = 13.2;
				LD_RUNPATH_SEARCH_PATHS = (
					"$(inherited)",
					"@executable_path/Frameworks",
					"@loader_path/Frameworks",
				);
				PRODUCT_BUNDLE_IDENTIFIER = za.co.dvt.FeistyTests;
				PRODUCT_NAME = "$(TARGET_NAME)";
				SWIFT_VERSION = 5.0;
				TARGETED_DEVICE_FAMILY = "1,2";
				TEST_HOST = "$(BUILT_PRODUCTS_DIR)/Feisty.app/Feisty";
			};
			name = Debug;
		};
		5A25205C23E9792700A4FB72 /* Release */ = {
			isa = XCBuildConfiguration;
			baseConfigurationReference = 0042F5EA7E82374979AE6642 /* Pods-FeistyTests.release.xcconfig */;
			buildSettings = {
				ALWAYS_EMBED_SWIFT_STANDARD_LIBRARIES = YES;
				BUNDLE_LOADER = "$(TEST_HOST)";
				CODE_SIGN_STYLE = Automatic;
				INFOPLIST_FILE = FeistyTests/Info.plist;
				IPHONEOS_DEPLOYMENT_TARGET = 13.2;
				LD_RUNPATH_SEARCH_PATHS = (
					"$(inherited)",
					"@executable_path/Frameworks",
					"@loader_path/Frameworks",
				);
				PRODUCT_BUNDLE_IDENTIFIER = za.co.dvt.FeistyTests;
				PRODUCT_NAME = "$(TARGET_NAME)";
				SWIFT_VERSION = 5.0;
				TARGETED_DEVICE_FAMILY = "1,2";
				TEST_HOST = "$(BUILT_PRODUCTS_DIR)/Feisty.app/Feisty";
			};
			name = Release;
		};
		5A25205E23E9792700A4FB72 /* Debug */ = {
			isa = XCBuildConfiguration;
			baseConfigurationReference = A02D38D434662BE80CA5F43F /* Pods-FeistyUITests.debug.xcconfig */;
			buildSettings = {
				ALWAYS_EMBED_SWIFT_STANDARD_LIBRARIES = YES;
				CODE_SIGN_STYLE = Automatic;
				INFOPLIST_FILE = FeistyUITests/Info.plist;
				LD_RUNPATH_SEARCH_PATHS = (
					"$(inherited)",
					"@executable_path/Frameworks",
					"@loader_path/Frameworks",
				);
				PRODUCT_BUNDLE_IDENTIFIER = za.co.dvt.FeistyUITests;
				PRODUCT_NAME = "$(TARGET_NAME)";
				SWIFT_VERSION = 5.0;
				TARGETED_DEVICE_FAMILY = "1,2";
				TEST_TARGET_NAME = Feisty;
			};
			name = Debug;
		};
		5A25205F23E9792700A4FB72 /* Release */ = {
			isa = XCBuildConfiguration;
			baseConfigurationReference = 8EAE55A9D05C66B1ABA53077 /* Pods-FeistyUITests.release.xcconfig */;
			buildSettings = {
				ALWAYS_EMBED_SWIFT_STANDARD_LIBRARIES = YES;
				CODE_SIGN_STYLE = Automatic;
				INFOPLIST_FILE = FeistyUITests/Info.plist;
				LD_RUNPATH_SEARCH_PATHS = (
					"$(inherited)",
					"@executable_path/Frameworks",
					"@loader_path/Frameworks",
				);
				PRODUCT_BUNDLE_IDENTIFIER = za.co.dvt.FeistyUITests;
				PRODUCT_NAME = "$(TARGET_NAME)";
				SWIFT_VERSION = 5.0;
				TARGETED_DEVICE_FAMILY = "1,2";
				TEST_TARGET_NAME = Feisty;
			};
			name = Release;
		};
/* End XCBuildConfiguration section */

/* Begin XCConfigurationList section */
		5A25202823E9792700A4FB72 /* Build configuration list for PBXProject "Feisty" */ = {
			isa = XCConfigurationList;
			buildConfigurations = (
				5A25205523E9792700A4FB72 /* Debug */,
				5A25205623E9792700A4FB72 /* Release */,
			);
			defaultConfigurationIsVisible = 0;
			defaultConfigurationName = Release;
		};
		5A25205723E9792700A4FB72 /* Build configuration list for PBXNativeTarget "Feisty" */ = {
			isa = XCConfigurationList;
			buildConfigurations = (
				5A25205823E9792700A4FB72 /* Debug */,
				5A25205923E9792700A4FB72 /* Release */,
			);
			defaultConfigurationIsVisible = 0;
			defaultConfigurationName = Release;
		};
		5A25205A23E9792700A4FB72 /* Build configuration list for PBXNativeTarget "FeistyTests" */ = {
			isa = XCConfigurationList;
			buildConfigurations = (
				5A25205B23E9792700A4FB72 /* Debug */,
				5A25205C23E9792700A4FB72 /* Release */,
			);
			defaultConfigurationIsVisible = 0;
			defaultConfigurationName = Release;
		};
		5A25205D23E9792700A4FB72 /* Build configuration list for PBXNativeTarget "FeistyUITests" */ = {
			isa = XCConfigurationList;
			buildConfigurations = (
				5A25205E23E9792700A4FB72 /* Debug */,
				5A25205F23E9792700A4FB72 /* Release */,
			);
			defaultConfigurationIsVisible = 0;
			defaultConfigurationName = Release;
		};
/* End XCConfigurationList section */
	};
	rootObject = 5A25202523E9792700A4FB72 /* Project object */;
}
